
Microsoft Visual Studio Solution File, Format Version 12.00
Project("{FAE04EC0-301F-11D3-BF4B-00C04F79EFBC}") = "Wpf_FussballZeug_2024-02-08", "Wpf_FussballZeug_2024-02-08.csproj", "{C2677C84-3D75-49B5-A2A0-17E83F1B7CB4}"
EndProject
Global
	GlobalSection(SolutionConfigurationPlatforms) = preSolution
		Debug|Any CPU = Debug|Any CPU
		Release|Any CPU = Release|Any CPU
	EndGlobalSection
	GlobalSection(ProjectConfigurationPlatforms) = postSolution
		{C2677C84-3D75-49B5-A2A0-17E83F1B7CB4}.Debug|Any CPU.ActiveCfg = Debug|Any CPU
		{C2677C84-3D75-49B5-A2A0-17E83F1B7CB4}.Debug|Any CPU.Build.0 = Debug|Any CPU
		{C2677C84-3D75-49B5-A2A0-17E83F1B7CB4}.Release|Any CPU.ActiveCfg = Release|Any CPU
		{C2677C84-3D75-49B5-A2A0-17E83F1B7CB4}.Release|Any CPU.Build.0 = Release|Any CPU
	EndGlobalSection
EndGlobal
